// !$*UTF8*$!
{
	archiveVersion = 1;
	classes = {
	};
	objectVersion = 55;
	objects = {

/* Begin PBXBuildFile section */
		6C077CBC283607CE00B2A1F1 /* AppDelegate.swift in Sources */ = {isa = PBXBuildFile; fileRef = 6C077CBB283607CE00B2A1F1 /* AppDelegate.swift */; };
		6C077CBE283607CE00B2A1F1 /* SceneDelegate.swift in Sources */ = {isa = PBXBuildFile; fileRef = 6C077CBD283607CE00B2A1F1 /* SceneDelegate.swift */; };
		6C077CC0283607CE00B2A1F1 /* ViewController.swift in Sources */ = {isa = PBXBuildFile; fileRef = 6C077CBF283607CE00B2A1F1 /* ViewController.swift */; };
		6C077CC3283607CE00B2A1F1 /* Main.storyboard in Resources */ = {isa = PBXBuildFile; fileRef = 6C077CC1283607CE00B2A1F1 /* Main.storyboard */; };
		6C077CC5283607D100B2A1F1 /* Assets.xcassets in Resources */ = {isa = PBXBuildFile; fileRef = 6C077CC4283607D100B2A1F1 /* Assets.xcassets */; };
		6C077CC8283607D100B2A1F1 /* LaunchScreen.storyboard in Resources */ = {isa = PBXBuildFile; fileRef = 6C077CC6283607D100B2A1F1 /* LaunchScreen.storyboard */; };
		6C077CD3283607D100B2A1F1 /* LingoTests.swift in Sources */ = {isa = PBXBuildFile; fileRef = 6C077CD2283607D100B2A1F1 /* LingoTests.swift */; };
		6C077CDD283607D100B2A1F1 /* LingoUITests.swift in Sources */ = {isa = PBXBuildFile; fileRef = 6C077CDC283607D100B2A1F1 /* LingoUITests.swift */; };
		6C077CDF283607D100B2A1F1 /* LingoUITestsLaunchTests.swift in Sources */ = {isa = PBXBuildFile; fileRef = 6C077CDE283607D100B2A1F1 /* LingoUITestsLaunchTests.swift */; };
/* End PBXBuildFile section */

/* Begin PBXContainerItemProxy section */
		6C077CCF283607D100B2A1F1 /* PBXContainerItemProxy */ = {
			isa = PBXContainerItemProxy;
			containerPortal = 6C077CB0283607CE00B2A1F1 /* Project object */;
			proxyType = 1;
			remoteGlobalIDString = 6C077CB7283607CE00B2A1F1;
			remoteInfo = Lingo;
		};
		6C077CD9283607D100B2A1F1 /* PBXContainerItemProxy */ = {
			isa = PBXContainerItemProxy;
			containerPortal = 6C077CB0283607CE00B2A1F1 /* Project object */;
			proxyType = 1;
			remoteGlobalIDString = 6C077CB7283607CE00B2A1F1;
			remoteInfo = Lingo;
		};
/* End PBXContainerItemProxy section */

/* Begin PBXFileReference section */
		6C077CB8283607CE00B2A1F1 /* Lingo.app */ = {isa = PBXFileReference; explicitFileType = wrapper.application; includeInIndex = 0; path = Lingo.app; sourceTree = BUILT_PRODUCTS_DIR; };
		6C077CBB283607CE00B2A1F1 /* AppDelegate.swift */ = {isa = PBXFileReference; lastKnownFileType = sourcecode.swift; path = AppDelegate.swift; sourceTree = "<group>"; };
		6C077CBD283607CE00B2A1F1 /* SceneDelegate.swift */ = {isa = PBXFileReference; lastKnownFileType = sourcecode.swift; path = SceneDelegate.swift; sourceTree = "<group>"; };
		6C077CBF283607CE00B2A1F1 /* ViewController.swift */ = {isa = PBXFileReference; lastKnownFileType = sourcecode.swift; path = ViewController.swift; sourceTree = "<group>"; };
		6C077CC2283607CE00B2A1F1 /* Base */ = {isa = PBXFileReference; lastKnownFileType = file.storyboard; name = Base; path = Base.lproj/Main.storyboard; sourceTree = "<group>"; };
		6C077CC4283607D100B2A1F1 /* Assets.xcassets */ = {isa = PBXFileReference; lastKnownFileType = folder.assetcatalog; path = Assets.xcassets; sourceTree = "<group>"; };
		6C077CC7283607D100B2A1F1 /* Base */ = {isa = PBXFileReference; lastKnownFileType = file.storyboard; name = Base; path = Base.lproj/LaunchScreen.storyboard; sourceTree = "<group>"; };
		6C077CC9283607D100B2A1F1 /* Info.plist */ = {isa = PBXFileReference; lastKnownFileType = text.plist.xml; path = Info.plist; sourceTree = "<group>"; };
		6C077CCE283607D100B2A1F1 /* LingoTests.xctest */ = {isa = PBXFileReference; explicitFileType = wrapper.cfbundle; includeInIndex = 0; path = LingoTests.xctest; sourceTree = BUILT_PRODUCTS_DIR; };
		6C077CD2283607D100B2A1F1 /* LingoTests.swift */ = {isa = PBXFileReference; lastKnownFileType = sourcecode.swift; path = LingoTests.swift; sourceTree = "<group>"; };
		6C077CD8283607D100B2A1F1 /* LingoUITests.xctest */ = {isa = PBXFileReference; explicitFileType = wrapper.cfbundle; includeInIndex = 0; path = LingoUITests.xctest; sourceTree = BUILT_PRODUCTS_DIR; };
		6C077CDC283607D100B2A1F1 /* LingoUITests.swift */ = {isa = PBXFileReference; lastKnownFileType = sourcecode.swift; path = LingoUITests.swift; sourceTree = "<group>"; };
		6C077CDE283607D100B2A1F1 /* LingoUITestsLaunchTests.swift */ = {isa = PBXFileReference; lastKnownFileType = sourcecode.swift; path = LingoUITestsLaunchTests.swift; sourceTree = "<group>"; };
/* End PBXFileReference section */

/* Begin PBXFrameworksBuildPhase section */
		6C077CB5283607CE00B2A1F1 /* Frameworks */ = {
			isa = PBXFrameworksBuildPhase;
			buildActionMask = 2147483647;
			files = (
			);
			runOnlyForDeploymentPostprocessing = 0;
		};
		6C077CCB283607D100B2A1F1 /* Frameworks */ = {
			isa = PBXFrameworksBuildPhase;
			buildActionMask = 2147483647;
			files = (
			);
			runOnlyForDeploymentPostprocessing = 0;
		};
		6C077CD5283607D100B2A1F1 /* Frameworks */ = {
			isa = PBXFrameworksBuildPhase;
			buildActionMask = 2147483647;
			files = (
			);
			runOnlyForDeploymentPostprocessing = 0;
		};
/* End PBXFrameworksBuildPhase section */

/* Begin PBXGroup section */
		6C077CAF283607CE00B2A1F1 = {
			isa = PBXGroup;
			children = (
				6C077CBA283607CE00B2A1F1 /* Lingo */,
				6C077CD1283607D100B2A1F1 /* LingoTests */,
				6C077CDB283607D100B2A1F1 /* LingoUITests */,
				6C077CB9283607CE00B2A1F1 /* Products */,
			);
			sourceTree = "<group>";
		};
		6C077CB9283607CE00B2A1F1 /* Products */ = {
			isa = PBXGroup;
			children = (
				6C077CB8283607CE00B2A1F1 /* Lingo.app */,
				6C077CCE283607D100B2A1F1 /* LingoTests.xctest */,
				6C077CD8283607D100B2A1F1 /* LingoUITests.xctest */,
			);
			name = Products;
			sourceTree = "<group>";
		};
		6C077CBA283607CE00B2A1F1 /* Lingo */ = {
			isa = PBXGroup;
			children = (
				6C077CBB283607CE00B2A1F1 /* AppDelegate.swift */,
				6C077CBD283607CE00B2A1F1 /* SceneDelegate.swift */,
				6C077CBF283607CE00B2A1F1 /* ViewController.swift */,
				6C077CC1283607CE00B2A1F1 /* Main.storyboard */,
				6C077CC4283607D100B2A1F1 /* Assets.xcassets */,
				6C077CC6283607D100B2A1F1 /* LaunchScreen.storyboard */,
				6C077CC9283607D100B2A1F1 /* Info.plist */,
			);
			path = Lingo;
			sourceTree = "<group>";
		};
		6C077CD1283607D100B2A1F1 /* LingoTests */ = {
			isa = PBXGroup;
			children = (
				6C077CD2283607D100B2A1F1 /* LingoTests.swift */,
			);
			path = LingoTests;
			sourceTree = "<group>";
		};
		6C077CDB283607D100B2A1F1 /* LingoUITests */ = {
			isa = PBXGroup;
			children = (
				6C077CDC283607D100B2A1F1 /* LingoUITests.swift */,
				6C077CDE283607D100B2A1F1 /* LingoUITestsLaunchTests.swift */,
			);
			path = LingoUITests;
			sourceTree = "<group>";
		};
/* End PBXGroup section */

/* Begin PBXNativeTarget section */
		6C077CB7283607CE00B2A1F1 /* Lingo */ = {
			isa = PBXNativeTarget;
			buildConfigurationList = 6C077CE2283607D100B2A1F1 /* Build configuration list for PBXNativeTarget "Lingo" */;
			buildPhases = (
				6C077CB4283607CE00B2A1F1 /* Sources */,
				6C077CB5283607CE00B2A1F1 /* Frameworks */,
				6C077CB6283607CE00B2A1F1 /* Resources */,
			);
			buildRules = (
			);
			dependencies = (
			);
			name = Lingo;
			productName = Lingo;
			productReference = 6C077CB8283607CE00B2A1F1 /* Lingo.app */;
			productType = "com.apple.product-type.application";
		};
		6C077CCD283607D100B2A1F1 /* LingoTests */ = {
			isa = PBXNativeTarget;
			buildConfigurationList = 6C077CE5283607D100B2A1F1 /* Build configuration list for PBXNativeTarget "LingoTests" */;
			buildPhases = (
				6C077CCA283607D100B2A1F1 /* Sources */,
				6C077CCB283607D100B2A1F1 /* Frameworks */,
				6C077CCC283607D100B2A1F1 /* Resources */,
			);
			buildRules = (
			);
			dependencies = (
				6C077CD0283607D100B2A1F1 /* PBXTargetDependency */,
			);
			name = LingoTests;
			productName = LingoTests;
			productReference = 6C077CCE283607D100B2A1F1 /* LingoTests.xctest */;
			productType = "com.apple.product-type.bundle.unit-test";
		};
		6C077CD7283607D100B2A1F1 /* LingoUITests */ = {
			isa = PBXNativeTarget;
			buildConfigurationList = 6C077CE8283607D100B2A1F1 /* Build configuration list for PBXNativeTarget "LingoUITests" */;
			buildPhases = (
				6C077CD4283607D100B2A1F1 /* Sources */,
				6C077CD5283607D100B2A1F1 /* Frameworks */,
				6C077CD6283607D100B2A1F1 /* Resources */,
			);
			buildRules = (
			);
			dependencies = (
				6C077CDA283607D100B2A1F1 /* PBXTargetDependency */,
			);
			name = LingoUITests;
			productName = LingoUITests;
			productReference = 6C077CD8283607D100B2A1F1 /* LingoUITests.xctest */;
			productType = "com.apple.product-type.bundle.ui-testing";
		};
/* End PBXNativeTarget section */

/* Begin PBXProject section */
		6C077CB0283607CE00B2A1F1 /* Project object */ = {
			isa = PBXProject;
			attributes = {
				BuildIndependentTargetsInParallel = 1;
				LastSwiftUpdateCheck = 1300;
				LastUpgradeCheck = 1300;
				TargetAttributes = {
					6C077CB7283607CE00B2A1F1 = {
						CreatedOnToolsVersion = 13.0;
					};
					6C077CCD283607D100B2A1F1 = {
						CreatedOnToolsVersion = 13.0;
						TestTargetID = 6C077CB7283607CE00B2A1F1;
					};
					6C077CD7283607D100B2A1F1 = {
						CreatedOnToolsVersion = 13.0;
						TestTargetID = 6C077CB7283607CE00B2A1F1;
					};
				};
			};
			buildConfigurationList = 6C077CB3283607CE00B2A1F1 /* Build configuration list for PBXProject "Lingo" */;
			compatibilityVersion = "Xcode 13.0";
			developmentRegion = en;
			hasScannedForEncodings = 0;
			knownRegions = (
				en,
				Base,
			);
			mainGroup = 6C077CAF283607CE00B2A1F1;
			productRefGroup = 6C077CB9283607CE00B2A1F1 /* Products */;
			projectDirPath = "";
			projectRoot = "";
			targets = (
				6C077CB7283607CE00B2A1F1 /* Lingo */,
				6C077CCD283607D100B2A1F1 /* LingoTests */,
				6C077CD7283607D100B2A1F1 /* LingoUITests */,
			);
		};
/* End PBXProject section */

/* Begin PBXResourcesBuildPhase section */
		6C077CB6283607CE00B2A1F1 /* Resources */ = {
			isa = PBXResourcesBuildPhase;
			buildActionMask = 2147483647;
			files = (
				6C077CC8283607D100B2A1F1 /* LaunchScreen.storyboard in Resources */,
				6C077CC5283607D100B2A1F1 /* Assets.xcassets in Resources */,
				6C077CC3283607CE00B2A1F1 /* Main.storyboard in Resources */,
			);
			runOnlyForDeploymentPostprocessing = 0;
		};
		6C077CCC283607D100B2A1F1 /* Resources */ = {
			isa = PBXResourcesBuildPhase;
			buildActionMask = 2147483647;
			files = (
			);
			runOnlyForDeploymentPostprocessing = 0;
		};
		6C077CD6283607D100B2A1F1 /* Resources */ = {
			isa = PBXResourcesBuildPhase;
			buildActionMask = 2147483647;
			files = (
			);
			runOnlyForDeploymentPostprocessing = 0;
		};
/* End PBXResourcesBuildPhase section */

/* Begin PBXSourcesBuildPhase section */
		6C077CB4283607CE00B2A1F1 /* Sources */ = {
			isa = PBXSourcesBuildPhase;
			buildActionMask = 2147483647;
			files = (
				6C077CC0283607CE00B2A1F1 /* ViewController.swift in Sources */,
				6C077CBC283607CE00B2A1F1 /* AppDelegate.swift in Sources */,
				6C077CBE283607CE00B2A1F1 /* SceneDelegate.swift in Sources */,
			);
			runOnlyForDeploymentPostprocessing = 0;
		};
		6C077CCA283607D100B2A1F1 /* Sources */ = {
			isa = PBXSourcesBuildPhase;
			buildActionMask = 2147483647;
			files = (
				6C077CD3283607D100B2A1F1 /* LingoTests.swift in Sources */,
			);
			runOnlyForDeploymentPostprocessing = 0;
		};
		6C077CD4283607D100B2A1F1 /* Sources */ = {
			isa = PBXSourcesBuildPhase;
			buildActionMask = 2147483647;
			files = (
				6C077CDF283607D100B2A1F1 /* LingoUITestsLaunchTests.swift in Sources */,
				6C077CDD283607D100B2A1F1 /* LingoUITests.swift in Sources */,
			);
			runOnlyForDeploymentPostprocessing = 0;
		};
/* End PBXSourcesBuildPhase section */

/* Begin PBXTargetDependency section */
		6C077CD0283607D100B2A1F1 /* PBXTargetDependency */ = {
			isa = PBXTargetDependency;
			target = 6C077CB7283607CE00B2A1F1 /* Lingo */;
			targetProxy = 6C077CCF283607D100B2A1F1 /* PBXContainerItemProxy */;
		};
		6C077CDA283607D100B2A1F1 /* PBXTargetDependency */ = {
			isa = PBXTargetDependency;
			target = 6C077CB7283607CE00B2A1F1 /* Lingo */;
			targetProxy = 6C077CD9283607D100B2A1F1 /* PBXContainerItemProxy */;
		};
/* End PBXTargetDependency section */

/* Begin PBXVariantGroup section */
		6C077CC1283607CE00B2A1F1 /* Main.storyboard */ = {
			isa = PBXVariantGroup;
			children = (
				6C077CC2283607CE00B2A1F1 /* Base */,
			);
			name = Main.storyboard;
			sourceTree = "<group>";
		};
		6C077CC6283607D100B2A1F1 /* LaunchScreen.storyboard */ = {
			isa = PBXVariantGroup;
			children = (
				6C077CC7283607D100B2A1F1 /* Base */,
			);
			name = LaunchScreen.storyboard;
			sourceTree = "<group>";
		};
/* End PBXVariantGroup section */

/* Begin XCBuildConfiguration section */
		6C077CE0283607D100B2A1F1 /* Debug */ = {
			isa = XCBuildConfiguration;
			buildSettings = {
				ALWAYS_SEARCH_USER_PATHS = NO;
				CLANG_ANALYZER_NONNULL = YES;
				CLANG_ANALYZER_NUMBER_OBJECT_CONVERSION = YES_AGGRESSIVE;
				CLANG_CXX_LANGUAGE_STANDARD = "gnu++17";
				CLANG_CXX_LIBRARY = "libc++";
				CLANG_ENABLE_MODULES = YES;
				CLANG_ENABLE_OBJC_ARC = YES;
				CLANG_ENABLE_OBJC_WEAK = YES;
				CLANG_WARN_BLOCK_CAPTURE_AUTORELEASING = YES;
				CLANG_WARN_BOOL_CONVERSION = YES;
				CLANG_WARN_COMMA = YES;
				CLANG_WARN_CONSTANT_CONVERSION = YES;
				CLANG_WARN_DEPRECATED_OBJC_IMPLEMENTATIONS = YES;
				CLANG_WARN_DIRECT_OBJC_ISA_USAGE = YES_ERROR;
				CLANG_WARN_DOCUMENTATION_COMMENTS = YES;
				CLANG_WARN_EMPTY_BODY = YES;
				CLANG_WARN_ENUM_CONVERSION = YES;
				CLANG_WARN_INFINITE_RECURSION = YES;
				CLANG_WARN_INT_CONVERSION = YES;
				CLANG_WARN_NON_LITERAL_NULL_CONVERSION = YES;
				CLANG_WARN_OBJC_IMPLICIT_RETAIN_SELF = YES;
				CLANG_WARN_OBJC_LITERAL_CONVERSION = YES;
				CLANG_WARN_OBJC_ROOT_CLASS = YES_ERROR;
				CLANG_WARN_QUOTED_INCLUDE_IN_FRAMEWORK_HEADER = YES;
				CLANG_WARN_RANGE_LOOP_ANALYSIS = YES;
				CLANG_WARN_STRICT_PROTOTYPES = YES;
				CLANG_WARN_SUSPICIOUS_MOVE = YES;
				CLANG_WARN_UNGUARDED_AVAILABILITY = YES_AGGRESSIVE;
				CLANG_WARN_UNREACHABLE_CODE = YES;
				CLANG_WARN__DUPLICATE_METHOD_MATCH = YES;
				COPY_PHASE_STRIP = NO;
				DEBUG_INFORMATION_FORMAT = dwarf;
				ENABLE_STRICT_OBJC_MSGSEND = YES;
				ENABLE_TESTABILITY = YES;
				GCC_C_LANGUAGE_STANDARD = gnu11;
				GCC_DYNAMIC_NO_PIC = NO;
				GCC_NO_COMMON_BLOCKS = YES;
				GCC_OPTIMIZATION_LEVEL = 0;
				GCC_PREPROCESSOR_DEFINITIONS = (
					"DEBUG=1",
					"$(inherited)",
				);
				GCC_WARN_64_TO_32_BIT_CONVERSION = YES;
				GCC_WARN_ABOUT_RETURN_TYPE = YES_ERROR;
				GCC_WARN_UNDECLARED_SELECTOR = YES;
				GCC_WARN_UNINITIALIZED_AUTOS = YES_AGGRESSIVE;
				GCC_WARN_UNUSED_FUNCTION = YES;
				GCC_WARN_UNUSED_VARIABLE = YES;
				IPHONEOS_DEPLOYMENT_TARGET = 15.0;
				MTL_ENABLE_DEBUG_INFO = INCLUDE_SOURCE;
				MTL_FAST_MATH = YES;
				ONLY_ACTIVE_ARCH = YES;
				SDKROOT = iphoneos;
				SWIFT_ACTIVE_COMPILATION_CONDITIONS = DEBUG;
				SWIFT_OPTIMIZATION_LEVEL = "-Onone";
			};
			name = Debug;
		};
		6C077CE1283607D100B2A1F1 /* Release */ = {
			isa = XCBuildConfiguration;
			buildSettings = {
				ALWAYS_SEARCH_USER_PATHS = NO;
				CLANG_ANALYZER_NONNULL = YES;
				CLANG_ANALYZER_NUMBER_OBJECT_CONVERSION = YES_AGGRESSIVE;
				CLANG_CXX_LANGUAGE_STANDARD = "gnu++17";
				CLANG_CXX_LIBRARY = "libc++";
				CLANG_ENABLE_MODULES = YES;
				CLANG_ENABLE_OBJC_ARC = YES;
				CLANG_ENABLE_OBJC_WEAK = YES;
				CLANG_WARN_BLOCK_CAPTURE_AUTORELEASING = YES;
				CLANG_WARN_BOOL_CONVERSION = YES;
				CLANG_WARN_COMMA = YES;
				CLANG_WARN_CONSTANT_CONVERSION = YES;
				CLANG_WARN_DEPRECATED_OBJC_IMPLEMENTATIONS = YES;
				CLANG_WARN_DIRECT_OBJC_ISA_USAGE = YES_ERROR;
				CLANG_WARN_DOCUMENTATION_COMMENTS = YES;
				CLANG_WARN_EMPTY_BODY = YES;
				CLANG_WARN_ENUM_CONVERSION = YES;
				CLANG_WARN_INFINITE_RECURSION = YES;
				CLANG_WARN_INT_CONVERSION = YES;
				CLANG_WARN_NON_LITERAL_NULL_CONVERSION = YES;
				CLANG_WARN_OBJC_IMPLICIT_RETAIN_SELF = YES;
				CLANG_WARN_OBJC_LITERAL_CONVERSION = YES;
				CLANG_WARN_OBJC_ROOT_CLASS = YES_ERROR;
				CLANG_WARN_QUOTED_INCLUDE_IN_FRAMEWORK_HEADER = YES;
				CLANG_WARN_RANGE_LOOP_ANALYSIS = YES;
				CLANG_WARN_STRICT_PROTOTYPES = YES;
				CLANG_WARN_SUSPICIOUS_MOVE = YES;
				CLANG_WARN_UNGUARDED_AVAILABILITY = YES_AGGRESSIVE;
				CLANG_WARN_UNREACHABLE_CODE = YES;
				CLANG_WARN__DUPLICATE_METHOD_MATCH = YES;
				COPY_PHASE_STRIP = NO;
				DEBUG_INFORMATION_FORMAT = "dwarf-with-dsym";
				ENABLE_NS_ASSERTIONS = NO;
				ENABLE_STRICT_OBJC_MSGSEND = YES;
				GCC_C_LANGUAGE_STANDARD = gnu11;
				GCC_NO_COMMON_BLOCKS = YES;
				GCC_WARN_64_TO_32_BIT_CONVERSION = YES;
				GCC_WARN_ABOUT_RETURN_TYPE = YES_ERROR;
				GCC_WARN_UNDECLARED_SELECTOR = YES;
				GCC_WARN_UNINITIALIZED_AUTOS = YES_AGGRESSIVE;
				GCC_WARN_UNUSED_FUNCTION = YES;
				GCC_WARN_UNUSED_VARIABLE = YES;
				IPHONEOS_DEPLOYMENT_TARGET = 15.0;
				MTL_ENABLE_DEBUG_INFO = NO;
				MTL_FAST_MATH = YES;
				SDKROOT = iphoneos;
				SWIFT_COMPILATION_MODE = wholemodule;
				SWIFT_OPTIMIZATION_LEVEL = "-O";
				VALIDATE_PRODUCT = YES;
			};
			name = Release;
		};
		6C077CE3283607D100B2A1F1 /* Debug */ = {
			isa = XCBuildConfiguration;
			buildSettings = {
				ASSETCATALOG_COMPILER_APPICON_NAME = AppIcon;
				ASSETCATALOG_COMPILER_GLOBAL_ACCENT_COLOR_NAME = AccentColor;
				CODE_SIGN_STYLE = Automatic;
				CURRENT_PROJECT_VERSION = 1;
				GENERATE_INFOPLIST_FILE = YES;
				INFOPLIST_FILE = Lingo/Info.plist;
				INFOPLIST_KEY_UIApplicationSupportsIndirectInputEvents = YES;
				INFOPLIST_KEY_UILaunchStoryboardName = LaunchScreen;
				INFOPLIST_KEY_UIMainStoryboardFile = Main;
				INFOPLIST_KEY_UISupportedInterfaceOrientations_iPad = "UIInterfaceOrientationPortrait UIInterfaceOrientationPortraitUpsideDown UIInterfaceOrientationLandscapeLeft UIInterfaceOrientationLandscapeRight";
				INFOPLIST_KEY_UISupportedInterfaceOrientations_iPhone = "UIInterfaceOrientationPortrait UIInterfaceOrientationLandscapeLeft UIInterfaceOrientationLandscapeRight";
				LD_RUNPATH_SEARCH_PATHS = (
					"$(inherited)",
					"@executable_path/Frameworks",
				);
				MARKETING_VERSION = 1.0;
				PRODUCT_BUNDLE_IDENTIFIER = com.babble.Lingo;
				PRODUCT_NAME = "$(TARGET_NAME)";
				SWIFT_EMIT_LOC_STRINGS = YES;
				SWIFT_VERSION = 5.0;
				TARGETED_DEVICE_FAMILY = "1,2";
			};
			name = Debug;
		};
		6C077CE4283607D100B2A1F1 /* Release */ = {
			isa = XCBuildConfiguration;
			buildSettings = {
				ASSETCATALOG_COMPILER_APPICON_NAME = AppIcon;
				ASSETCATALOG_COMPILER_GLOBAL_ACCENT_COLOR_NAME = AccentColor;
				CODE_SIGN_STYLE = Automatic;
				CURRENT_PROJECT_VERSION = 1;
				GENERATE_INFOPLIST_FILE = YES;
				INFOPLIST_FILE = Lingo/Info.plist;
				INFOPLIST_KEY_UIApplicationSupportsIndirectInputEvents = YES;
				INFOPLIST_KEY_UILaunchStoryboardName = LaunchScreen;
				INFOPLIST_KEY_UIMainStoryboardFile = Main;
				INFOPLIST_KEY_UISupportedInterfaceOrientations_iPad = "UIInterfaceOrientationPortrait UIInterfaceOrientationPortraitUpsideDown UIInterfaceOrientationLandscapeLeft UIInterfaceOrientationLandscapeRight";
				INFOPLIST_KEY_UISupportedInterfaceOrientations_iPhone = "UIInterfaceOrientationPortrait UIInterfaceOrientationLandscapeLeft UIInterfaceOrientationLandscapeRight";
				LD_RUNPATH_SEARCH_PATHS = (
					"$(inherited)",
					"@executable_path/Frameworks",
				);
				MARKETING_VERSION = 1.0;
				PRODUCT_BUNDLE_IDENTIFIER = com.babble.Lingo;
				PRODUCT_NAME = "$(TARGET_NAME)";
				SWIFT_EMIT_LOC_STRINGS = YES;
				SWIFT_VERSION = 5.0;
				TARGETED_DEVICE_FAMILY = "1,2";
			};
			name = Release;
		};
		6C077CE6283607D100B2A1F1 /* Debug */ = {
			isa = XCBuildConfiguration;
			buildSettings = {
				ALWAYS_EMBED_SWIFT_STANDARD_LIBRARIES = YES;
				BUNDLE_LOADER = "$(TEST_HOST)";
				CODE_SIGN_STYLE = Automatic;
				CURRENT_PROJECT_VERSION = 1;
				GENERATE_INFOPLIST_FILE = YES;
				IPHONEOS_DEPLOYMENT_TARGET = 15.0;
				LD_RUNPATH_SEARCH_PATHS = (
					"$(inherited)",
					"@executable_path/Frameworks",
					"@loader_path/Frameworks",
				);
				MARKETING_VERSION = 1.0;
				PRODUCT_BUNDLE_IDENTIFIER = com.babble.LingoTests;
				PRODUCT_NAME = "$(TARGET_NAME)";
				SWIFT_EMIT_LOC_STRINGS = NO;
				SWIFT_VERSION = 5.0;
				TARGETED_DEVICE_FAMILY = "1,2";
				TEST_HOST = "$(BUILT_PRODUCTS_DIR)/Lingo.app/Lingo";
			};
			name = Debug;
		};
		6C077CE7283607D100B2A1F1 /* Release */ = {
			isa = XCBuildConfiguration;
			buildSettings = {
				ALWAYS_EMBED_SWIFT_STANDARD_LIBRARIES = YES;
				BUNDLE_LOADER = "$(TEST_HOST)";
				CODE_SIGN_STYLE = Automatic;
				CURRENT_PROJECT_VERSION = 1;
				GENERATE_INFOPLIST_FILE = YES;
				IPHONEOS_DEPLOYMENT_TARGET = 15.0;
				LD_RUNPATH_SEARCH_PATHS = (
					"$(inherited)",
					"@executable_path/Frameworks",
					"@loader_path/Frameworks",
				);
				MARKETING_VERSION = 1.0;
				PRODUCT_BUNDLE_IDENTIFIER = com.babble.LingoTests;
				PRODUCT_NAME = "$(TARGET_NAME)";
				SWIFT_EMIT_LOC_STRINGS = NO;
				SWIFT_VERSION = 5.0;
				TARGETED_DEVICE_FAMILY = "1,2";
				TEST_HOST = "$(BUILT_PRODUCTS_DIR)/Lingo.app/Lingo";
			};
			name = Release;
		};
		6C077CE9283607D100B2A1F1 /* Debug */ = {
			isa = XCBuildConfiguration;
			buildSettings = {
				ALWAYS_EMBED_SWIFT_STANDARD_LIBRARIES = YES;
				CODE_SIGN_STYLE = Automatic;
				CURRENT_PROJECT_VERSION = 1;
				GENERATE_INFOPLIST_FILE = YES;
				LD_RUNPATH_SEARCH_PATHS = (
					"$(inherited)",
					"@executable_path/Frameworks",
					"@loader_path/Frameworks",
				);
				MARKETING_VERSION = 1.0;
				PRODUCT_BUNDLE_IDENTIFIER = com.babble.LingoUITests;
				PRODUCT_NAME = "$(TARGET_NAME)";
				SWIFT_EMIT_LOC_STRINGS = NO;
				SWIFT_VERSION = 5.0;
				TARGETED_DEVICE_FAMILY = "1,2";
				TEST_TARGET_NAME = Lingo;
			};
			name = Debug;
		};
		6C077CEA283607D100B2A1F1 /* Release */ = {
			isa = XCBuildConfiguration;
			buildSettings = {
				ALWAYS_EMBED_SWIFT_STANDARD_LIBRARIES = YES;
				CODE_SIGN_STYLE = Automatic;
				CURRENT_PROJECT_VERSION = 1;
				GENERATE_INFOPLIST_FILE = YES;
				LD_RUNPATH_SEARCH_PATHS = (
					"$(inherited)",
					"@executable_path/Frameworks",
					"@loader_path/Frameworks",
				);
				MARKETING_VERSION = 1.0;
				PRODUCT_BUNDLE_IDENTIFIER = com.babble.LingoUITests;
				PRODUCT_NAME = "$(TARGET_NAME)";
				SWIFT_EMIT_LOC_STRINGS = NO;
				SWIFT_VERSION = 5.0;
				TARGETED_DEVICE_FAMILY = "1,2";
				TEST_TARGET_NAME = Lingo;
			};
			name = Release;
		};
/* End XCBuildConfiguration section */

/* Begin XCConfigurationList section */
		6C077CB3283607CE00B2A1F1 /* Build configuration list for PBXProject "Lingo" */ = {
			isa = XCConfigurationList;
			buildConfigurations = (
				6C077CE0283607D100B2A1F1 /* Debug */,
				6C077CE1283607D100B2A1F1 /* Release */,
			);
			defaultConfigurationIsVisible = 0;
			defaultConfigurationName = Release;
		};
		6C077CE2283607D100B2A1F1 /* Build configuration list for PBXNativeTarget "Lingo" */ = {
			isa = XCConfigurationList;
			buildConfigurations = (
				6C077CE3283607D100B2A1F1 /* Debug */,
				6C077CE4283607D100B2A1F1 /* Release */,
			);
			defaultConfigurationIsVisible = 0;
			defaultConfigurationName = Release;
		};
		6C077CE5283607D100B2A1F1 /* Build configuration list for PBXNativeTarget "LingoTests" */ = {
			isa = XCConfigurationList;
			buildConfigurations = (
				6C077CE6283607D100B2A1F1 /* Debug */,
				6C077CE7283607D100B2A1F1 /* Release */,
			);
			defaultConfigurationIsVisible = 0;
			defaultConfigurationName = Release;
		};
		6C077CE8283607D100B2A1F1 /* Build configuration list for PBXNativeTarget "LingoUITests" */ = {
			isa = XCConfigurationList;
			buildConfigurations = (
				6C077CE9283607D100B2A1F1 /* Debug */,
				6C077CEA283607D100B2A1F1 /* Release */,
			);
			defaultConfigurationIsVisible = 0;
			defaultConfigurationName = Release;
		};
/* End XCConfigurationList section */
	};
	rootObject = 6C077CB0283607CE00B2A1F1 /* Project object */;
}
